
Microsoft Visual Studio Solution File, Format Version 12.00
# Visual Studio Version 17
VisualStudioVersion = 17.14.36401.2 d17.14
MinimumVisualStudioVersion = 10.0.40219.1
Project("{FAE04EC0-301F-11D3-BF4B-00C04F79EFBC}") = "Task_Tracker_CLI_Proj", "Task_Tracker_CLI_Proj.csproj", "{AFBCD96B-9878-4034-AF64-EACFF8D0E700}"
EndProject
Global
	GlobalSection(SolutionConfigurationPlatforms) = preSolution
		Debug|Any CPU = Debug|Any CPU
		Release|Any CPU = Release|Any CPU
	EndGlobalSection
	GlobalSection(ProjectConfigurationPlatforms) = postSolution
		{AFBCD96B-9878-4034-AF64-EACFF8D0E700}.Debug|Any CPU.ActiveCfg = Debug|Any CPU
		{AFBCD96B-9878-4034-AF64-EACFF8D0E700}.Debug|Any CPU.Build.0 = Debug|Any CPU
		{AFBCD96B-9878-4034-AF64-EACFF8D0E700}.Release|Any CPU.ActiveCfg = Release|Any CPU
		{AFBCD96B-9878-4034-AF64-EACFF8D0E700}.Release|Any CPU.Build.0 = Release|Any CPU
	EndGlobalSection
	GlobalSection(SolutionProperties) = preSolution
		HideSolutionNode = FALSE
	EndGlobalSection
	GlobalSection(ExtensibilityGlobals) = postSolution
		SolutionGuid = {15D7FFD6-F649-4879-BA30-BCEEA3E33430}
	EndGlobalSection
EndGlobal
